
Microsoft Visual Studio Solution File, Format Version 12.00
# Visual Studio 15
VisualStudioVersion = 15.0.28124.53
MinimumVisualStudioVersion = 10.0.40219.1
Project("{8BC9CEB8-8B4A-11D0-8D11-00A0C91BC942}") = "LumiaNull", "LumiaNull\LumiaNull.vcxproj", "{3C9A88C3-9659-45C2-8037-2763CC0DC23E}"
EndProject
Global
	GlobalSection(SolutionConfigurationPlatforms) = preSolution
		Debug|ARM = Debug|ARM
		Debug|ARM64 = Debug|ARM64
		Debug|x64 = Debug|x64
		Debug|x86 = Debug|x86
		Release|ARM = Release|ARM
		Release|ARM64 = Release|ARM64
		Release|x64 = Release|x64
		Release|x86 = Release|x86
	EndGlobalSection
	GlobalSection(ProjectConfigurationPlatforms) = postSolution
		{3C9A88C3-9659-45C2-8037-2763CC0DC23E}.Debug|ARM.ActiveCfg = Debug|ARM
		{3C9A88C3-9659-45C2-8037-2763CC0DC23E}.Debug|ARM.Build.0 = Debug|ARM
		{3C9A88C3-9659-45C2-8037-2763CC0DC23E}.Debug|ARM.Deploy.0 = Debug|ARM
		{3C9A88C3-9659-45C2-8037-2763CC0DC23E}.Debug|ARM64.ActiveCfg = Debug|ARM64
		{3C9A88C3-9659-45C2-8037-2763CC0DC23E}.Debug|ARM64.Build.0 = Debug|ARM64
		{3C9A88C3-9659-45C2-8037-2763CC0DC23E}.Debug|ARM64.Deploy.0 = Debug|ARM64
		{3C9A88C3-9659-45C2-8037-2763CC0DC23E}.Debug|x64.ActiveCfg = Debug|x64
		{3C9A88C3-9659-45C2-8037-2763CC0DC23E}.Debug|x64.Build.0 = Debug|x64
		{3C9A88C3-9659-45C2-8037-2763CC0DC23E}.Debug|x64.Deploy.0 = Debug|x64
		{3C9A88C3-9659-45C2-8037-2763CC0DC23E}.Debug|x86.ActiveCfg = Debug|Win32
		{3C9A88C3-9659-45C2-8037-2763CC0DC23E}.Debug|x86.Build.0 = Debug|Win32
		{3C9A88C3-9659-45C2-8037-2763CC0DC23E}.Debug|x86.Deploy.0 = Debug|Win32
		{3C9A88C3-9659-45C2-8037-2763CC0DC23E}.Release|ARM.ActiveCfg = Release|ARM
		{3C9A88C3-9659-45C2-8037-2763CC0DC23E}.Release|ARM.Build.0 = Release|ARM
		{3C9A88C3-9659-45C2-8037-2763CC0DC23E}.Release|ARM.Deploy.0 = Release|ARM
		{3C9A88C3-9659-45C2-8037-2763CC0DC23E}.Release|ARM64.ActiveCfg = Release|ARM64
		{3C9A88C3-9659-45C2-8037-2763CC0DC23E}.Release|ARM64.Build.0 = Release|ARM64
		{3C9A88C3-9659-45C2-8037-2763CC0DC23E}.Release|ARM64.Deploy.0 = Release|ARM64
		{3C9A88C3-9659-45C2-8037-2763CC0DC23E}.Release|x64.ActiveCfg = Release|x64
		{3C9A88C3-9659-45C2-8037-2763CC0DC23E}.Release|x64.Build.0 = Release|x64
		{3C9A88C3-9659-45C2-8037-2763CC0DC23E}.Release|x64.Deploy.0 = Release|x64
		{3C9A88C3-9659-45C2-8037-2763CC0DC23E}.Release|x86.ActiveCfg = Release|Win32
		{3C9A88C3-9659-45C2-8037-2763CC0DC23E}.Release|x86.Build.0 = Release|Win32
		{3C9A88C3-9659-45C2-8037-2763CC0DC23E}.Release|x86.Deploy.0 = Release|Win32
	EndGlobalSection
	GlobalSection(SolutionProperties) = preSolution
		HideSolutionNode = FALSE
	EndGlobalSection
EndGlobal
